<?xml version="1.0" encoding="utf-8"?>
<Project ToolsVersion="4.0" xmlns="http://schemas.microsoft.com/developer/msbuild/2003">
  <ItemGroup>
    <Filter Include="Source Files">
      <UniqueIdentifier>{4FC737F1-C7A5-4376-A066-2A32D752A2FF}</UniqueIdentifier>
      <Extensions>cpp;c;cc;cxx;def;odl;idl;hpj;bat;asm;asmx</Extensions>
    </Filter>
    <Filter Include="Header Files">
      <UniqueIdentifier>{93995380-89BD-4b04-88EB-625FBE52EBFB}</UniqueIdentifier>
      <Extensions>h;hh;hpp;hxx;hm;inl;inc;ipp;xsd</Extensions>
    </Filter>
    <Filter Include="Shaders">
      <UniqueIdentifier>{547c078b-357d-4477-a558-ac928162d795}</UniqueIdentifier>
    </Filter>
    <Filter Include="Header Files\glfw">
      <UniqueIdentifier>{c11d4e57-e346-48a4-908d-c0b7c6e90f42}</UniqueIdentifier>
    </Filter>
  </ItemGroup>
  <ItemGroup>
    <None Include="Shaders\fragment.glsl">
      <Filter>Shaders</Filter>
    </None>
    <None Include="Shaders\vertex.glsl">
      <Filter>Shaders</Filter>
    </None>
  </ItemGroup>
  <ItemGroup>
    <ClCompile Include="Source\glprogram.cpp">
      <Filter>Source Files</Filter>
    </ClCompile>
    <ClCompile Include="Source\glshader.cpp">
      <Filter>Source Files</Filter>
    </ClCompile>
    <ClCompile Include="Source\glstatus.cpp">
      <Filter>Source Files</Filter>
    </ClCompile>
    <ClCompile Include="Source\main.cpp">
      <Filter>Source Files</Filter>
    </ClCompile>
    <ClCompile Include="Source\glshaderset.cpp">
      <Filter>Source Files</Filter>
    </ClCompile>
    <ClCompile Include="Source\topic.cpp">
      <Filter>Source Files</Filter>
    </ClCompile>
  </ItemGroup>
  <ItemGroup>
    <ClInclude Include="Includes\glassert.h">
      <Filter>Header Files</Filter>
    </ClInclude>
    <ClInclude Include="Includes\glprogram.h">
      <Filter>Header Files</Filter>
    </ClInclude>
    <ClInclude Include="Includes\glshader.h">
      <Filter>Header Files</Filter>
    </ClInclude>
    <ClInclude Include="Includes\glstatus.h">
      <Filter>Header Files</Filter>
    </ClInclude>
    <ClInclude Include="Includes\filenotifier.h">
      <Filter>Header Files</Filter>
    </ClInclude>
    <ClInclude Include="Includes\glshaderset.h">
      <Filter>Header Files</Filter>
    </ClInclude>
    <ClInclude Include="Includes\enums.h">
      <Filter>Header Files</Filter>
    </ClInclude>
    <ClInclude Include="Includes\topic.h">
      <Filter>Header Files</Filter>
    </ClInclude>
    <ClInclude Include="Includes\glfw\applicationglfw.h">
      <Filter>Header Files\glfw</Filter>
    </ClInclude>
    <ClInclude Include="Includes\glfw\glfwbase.h">
      <Filter>Header Files\glfw</Filter>
    </ClInclude>
  </ItemGroup>
</Project>